
Microsoft Visual Studio Solution File, Format Version 12.00
# Visual Studio Version 17
VisualStudioVersion = 17.7.34024.191
MinimumVisualStudioVersion = 10.0.40219.1
Project("{8BC9CEB8-8B4A-11D0-8D11-00A0C91BC942}") = "DS Final Project", "DS Final Project\DS Final Project.vcxproj", "{458D59F6-0A20-43DD-BBA3-49089391E28B}"
EndProject
Global
	GlobalSection(SolutionConfigurationPlatforms) = preSolution
		Debug|x64 = Debug|x64
		Debug|x86 = Debug|x86
		Release|x64 = Release|x64
		Release|x86 = Release|x86
	EndGlobalSection
	GlobalSection(ProjectConfigurationPlatforms) = postSolution
		{458D59F6-0A20-43DD-BBA3-49089391E28B}.Debug|x64.ActiveCfg = Debug|x64
		{458D59F6-0A20-43DD-BBA3-49089391E28B}.Debug|x64.Build.0 = Debug|x64
		{458D59F6-0A20-43DD-BBA3-49089391E28B}.Debug|x86.ActiveCfg = Debug|Win32
		{458D59F6-0A20-43DD-BBA3-49089391E28B}.Debug|x86.Build.0 = Debug|Win32
		{458D59F6-0A20-43DD-BBA3-49089391E28B}.Release|x64.ActiveCfg = Release|x64
		{458D59F6-0A20-43DD-BBA3-49089391E28B}.Release|x64.Build.0 = Release|x64
		{458D59F6-0A20-43DD-BBA3-49089391E28B}.Release|x86.ActiveCfg = Release|Win32
		{458D59F6-0A20-43DD-BBA3-49089391E28B}.Release|x86.Build.0 = Release|Win32
	EndGlobalSection
	GlobalSection(SolutionProperties) = preSolution
		HideSolutionNode = FALSE
	EndGlobalSection
	GlobalSection(ExtensibilityGlobals) = postSolution
		SolutionGuid = {7348DD32-F607-4886-A047-A6FC3FDA38AE}
	EndGlobalSection
EndGlobal
